
Microsoft Visual Studio Solution File, Format Version 12.00
# Visual Studio Version 16
VisualStudioVersion = 16.0.30804.86
MinimumVisualStudioVersion = 10.0.40219.1
Project("{FAE04EC0-301F-11D3-BF4B-00C04F79EFBC}") = "WindowsFormsApp1", "WindowsFormsApp1\WindowsFormsApp1.csproj", "{A56FCE4E-13D0-4D7E-AE3B-ED3CF8615440}"
EndProject
Global
	GlobalSection(SolutionConfigurationPlatforms) = preSolution
		Debug|Any CPU = Debug|Any CPU
		Release|Any CPU = Release|Any CPU
	EndGlobalSection
	GlobalSection(ProjectConfigurationPlatforms) = postSolution
		{A56FCE4E-13D0-4D7E-AE3B-ED3CF8615440}.Debug|Any CPU.ActiveCfg = Debug|Any CPU
		{A56FCE4E-13D0-4D7E-AE3B-ED3CF8615440}.Debug|Any CPU.Build.0 = Debug|Any CPU
		{A56FCE4E-13D0-4D7E-AE3B-ED3CF8615440}.Release|Any CPU.ActiveCfg = Release|Any CPU
		{A56FCE4E-13D0-4D7E-AE3B-ED3CF8615440}.Release|Any CPU.Build.0 = Release|Any CPU
	EndGlobalSection
	GlobalSection(SolutionProperties) = preSolution
		HideSolutionNode = FALSE
	EndGlobalSection
	GlobalSection(ExtensibilityGlobals) = postSolution
		SolutionGuid = {8FB64BCB-2C4E-43E3-ADE5-B6272A716584}
	EndGlobalSection
EndGlobal
